
Microsoft Visual Studio Solution File, Format Version 11.00
# Visual Studio 2010
Project("{2150E333-8FDC-42A3-9474-1A3956D46DE8}") = "Build Scripts", "Build Scripts", "{41BAA1AA-2F2B-4F32-A995-09B26A9DE31E}"
	ProjectSection(SolutionItems) = preProject
		Build\config.ncover = Build\config.ncover
		Build\Gallio.rb = Build\Gallio.rb
		Build\InstallGems.bat = Build\InstallGems.bat
		Build\MSBuild.rb = Build\MSBuild.rb
		Build\NCover.rb = Build\NCover.rb
		Build\Rakefile.rb = Build\Rakefile.rb
		Build\SandCastle.rb = Build\SandCastle.rb
		Build\ZipTools.rb = Build\ZipTools.rb
	EndProjectSection
EndProject
Project("{2150E333-8FDC-42A3-9474-1A3956D46DE8}") = "Solution Files", "Solution Files", "{F522BD75-C4E9-428A-9CC3-A29FAAFA8226}"
	ProjectSection(SolutionItems) = preProject
		Source\SharedAssemblyInfo.cs = Source\SharedAssemblyInfo.cs
	EndProjectSection
EndProject
Project("{FAE04EC0-301F-11D3-BF4B-00C04F79EFBC}") = "EfficientlyLazy.Crypto.v20", "Source\EfficientlyLazy.Crypto.v20\EfficientlyLazy.Crypto.v20.csproj", "{7B961222-8130-44C1-B2A7-0A5273282DCB}"
EndProject
Project("{FAE04EC0-301F-11D3-BF4B-00C04F79EFBC}") = "EfficientlyLazy.Crypto.v35", "Source\EfficientlyLazy.Crypto.v35\EfficientlyLazy.Crypto.v35.csproj", "{69AEB289-367B-4627-B759-AD1E5699485D}"
EndProject
Project("{FAE04EC0-301F-11D3-BF4B-00C04F79EFBC}") = "EfficientlyLazy.Crypto.v20.Test", "Tests\EfficientlyLazy.Crypto.v20.Test\EfficientlyLazy.Crypto.v20.Test.csproj", "{E77C43E2-B506-4148-95F9-E08917DA55A3}"
EndProject
Project("{FAE04EC0-301F-11D3-BF4B-00C04F79EFBC}") = "EfficientlyLazy.Crypto.v35.Test", "Tests\EfficientlyLazy.Crypto.v35.Test\EfficientlyLazy.Crypto.v35.Test.csproj", "{494EBE55-5ABA-47DB-9A84-F5FCC08963C0}"
EndProject
Project("{FAE04EC0-301F-11D3-BF4B-00C04F79EFBC}") = "EfficientlyLazy.Crypto.Demo", "Source\EfficientlyLazy.Crypto.Demo\EfficientlyLazy.Crypto.Demo.csproj", "{BCD03428-E119-458F-8D8E-680BCD8A2FB5}"
EndProject
Project("{FAE04EC0-301F-11D3-BF4B-00C04F79EFBC}") = "EfficientlyLazy.Crypto.v40", "Source\EfficientlyLazy.Crypto.v40\EfficientlyLazy.Crypto.v40.csproj", "{6060C8DD-5BEE-4EA4-8B27-7648ED9CF523}"
EndProject
Project("{FAE04EC0-301F-11D3-BF4B-00C04F79EFBC}") = "EfficientlyLazy.Crypto.v40.Test", "Tests\EfficientlyLazy.Crypto.v40.Test\EfficientlyLazy.Crypto.v40.Test.csproj", "{482A895B-3A9D-4FE6-945B-D6C31BD4011C}"
EndProject
Project("{2150E333-8FDC-42A3-9474-1A3956D46DE8}") = "Unit Tests", "Unit Tests", "{E566176F-9F09-4D19-8003-BE7B2BBF24D6}"
EndProject
Global
	GlobalSection(SolutionConfigurationPlatforms) = preSolution
		Debug|Any CPU = Debug|Any CPU
		Release|Any CPU = Release|Any CPU
	EndGlobalSection
	GlobalSection(ProjectConfigurationPlatforms) = postSolution
		{7B961222-8130-44C1-B2A7-0A5273282DCB}.Debug|Any CPU.ActiveCfg = Debug|Any CPU
		{7B961222-8130-44C1-B2A7-0A5273282DCB}.Debug|Any CPU.Build.0 = Debug|Any CPU
		{7B961222-8130-44C1-B2A7-0A5273282DCB}.Release|Any CPU.ActiveCfg = Release|Any CPU
		{7B961222-8130-44C1-B2A7-0A5273282DCB}.Release|Any CPU.Build.0 = Release|Any CPU
		{69AEB289-367B-4627-B759-AD1E5699485D}.Debug|Any CPU.ActiveCfg = Debug|Any CPU
		{69AEB289-367B-4627-B759-AD1E5699485D}.Debug|Any CPU.Build.0 = Debug|Any CPU
		{69AEB289-367B-4627-B759-AD1E5699485D}.Release|Any CPU.ActiveCfg = Release|Any CPU
		{69AEB289-367B-4627-B759-AD1E5699485D}.Release|Any CPU.Build.0 = Release|Any CPU
		{E77C43E2-B506-4148-95F9-E08917DA55A3}.Debug|Any CPU.ActiveCfg = Debug|Any CPU
		{E77C43E2-B506-4148-95F9-E08917DA55A3}.Debug|Any CPU.Build.0 = Debug|Any CPU
		{E77C43E2-B506-4148-95F9-E08917DA55A3}.Release|Any CPU.ActiveCfg = Release|Any CPU
		{E77C43E2-B506-4148-95F9-E08917DA55A3}.Release|Any CPU.Build.0 = Release|Any CPU
		{494EBE55-5ABA-47DB-9A84-F5FCC08963C0}.Debug|Any CPU.ActiveCfg = Debug|Any CPU
		{494EBE55-5ABA-47DB-9A84-F5FCC08963C0}.Debug|Any CPU.Build.0 = Debug|Any CPU
		{494EBE55-5ABA-47DB-9A84-F5FCC08963C0}.Release|Any CPU.ActiveCfg = Release|Any CPU
		{494EBE55-5ABA-47DB-9A84-F5FCC08963C0}.Release|Any CPU.Build.0 = Release|Any CPU
		{BCD03428-E119-458F-8D8E-680BCD8A2FB5}.Debug|Any CPU.ActiveCfg = Debug|Any CPU
		{BCD03428-E119-458F-8D8E-680BCD8A2FB5}.Release|Any CPU.ActiveCfg = Release|Any CPU
		{BCD03428-E119-458F-8D8E-680BCD8A2FB5}.Release|Any CPU.Build.0 = Release|Any CPU
		{6060C8DD-5BEE-4EA4-8B27-7648ED9CF523}.Debug|Any CPU.ActiveCfg = Debug|Any CPU
		{6060C8DD-5BEE-4EA4-8B27-7648ED9CF523}.Debug|Any CPU.Build.0 = Debug|Any CPU
		{6060C8DD-5BEE-4EA4-8B27-7648ED9CF523}.Release|Any CPU.ActiveCfg = Release|Any CPU
		{6060C8DD-5BEE-4EA4-8B27-7648ED9CF523}.Release|Any CPU.Build.0 = Release|Any CPU
		{482A895B-3A9D-4FE6-945B-D6C31BD4011C}.Debug|Any CPU.ActiveCfg = Debug|Any CPU
		{482A895B-3A9D-4FE6-945B-D6C31BD4011C}.Debug|Any CPU.Build.0 = Debug|Any CPU
		{482A895B-3A9D-4FE6-945B-D6C31BD4011C}.Release|Any CPU.ActiveCfg = Release|Any CPU
		{482A895B-3A9D-4FE6-945B-D6C31BD4011C}.Release|Any CPU.Build.0 = Release|Any CPU
	EndGlobalSection
	GlobalSection(SolutionProperties) = preSolution
		HideSolutionNode = FALSE
	EndGlobalSection
	GlobalSection(NestedProjects) = preSolution
		{E77C43E2-B506-4148-95F9-E08917DA55A3} = {E566176F-9F09-4D19-8003-BE7B2BBF24D6}
		{494EBE55-5ABA-47DB-9A84-F5FCC08963C0} = {E566176F-9F09-4D19-8003-BE7B2BBF24D6}
		{482A895B-3A9D-4FE6-945B-D6C31BD4011C} = {E566176F-9F09-4D19-8003-BE7B2BBF24D6}
	EndGlobalSection
	GlobalSection(ExtensibilityGlobals) = postSolution
		CodeStyleEnforcer_Active = -1
		CodeStyleEnforcer_RulesLocation = 1
	EndGlobalSection
EndGlobal
