
Microsoft Visual Studio Solution File, Format Version 10.00
# Visual Studio 2008
Project("{FAE04EC0-301F-11D3-BF4B-00C04F79EFBC}") = "EfficientlyLazyCrypto.v20", "Source\EfficientlyLazyCrypto.v20\EfficientlyLazyCrypto.v20.csproj", "{7B961222-8130-44C1-B2A7-0A5273282DCB}"
EndProject
Project("{FAE04EC0-301F-11D3-BF4B-00C04F79EFBC}") = "EfficientlyLazyCrypto.v35", "Source\EfficientlyLazyCrypto.v35\EfficientlyLazyCrypto.v35.csproj", "{69AEB289-367B-4627-B759-AD1E5699485D}"
EndProject
Project("{FAE04EC0-301F-11D3-BF4B-00C04F79EFBC}") = "EfficientlyLazyCrypto.v20.Test", "Tests\EfficientlyLazyCrypto.v20.Test\EfficientlyLazyCrypto.v20.Test.csproj", "{E77C43E2-B506-4148-95F9-E08917DA55A3}"
EndProject
Project("{FAE04EC0-301F-11D3-BF4B-00C04F79EFBC}") = "EfficientlyLazyCrypto.v35.Test", "Tests\EfficientlyLazyCrypto.v35.Test\EfficientlyLazyCrypto.v35.Test.csproj", "{494EBE55-5ABA-47DB-9A84-F5FCC08963C0}"
EndProject
Project("{2150E333-8FDC-42A3-9474-1A3956D46DE8}") = "Documentation", "Documentation", "{1F11CC6D-E59C-42C6-B778-6F8835B3B4E9}"
	ProjectSection(SolutionItems) = preProject
		Documentation\EfficientlyLazyCrypto.v20\EfficientlyLazyCrypto.v20.shfb = Documentation\EfficientlyLazyCrypto.v20\EfficientlyLazyCrypto.v20.shfb
		Documentation\EfficientlyLazyCrypto.v35\EfficientlyLazyCrypto.v35.shfb = Documentation\EfficientlyLazyCrypto.v35\EfficientlyLazyCrypto.v35.shfb
	EndProjectSection
EndProject
Global
	GlobalSection(SolutionConfigurationPlatforms) = preSolution
		Debug|Any CPU = Debug|Any CPU
		Release|Any CPU = Release|Any CPU
	EndGlobalSection
	GlobalSection(ProjectConfigurationPlatforms) = postSolution
		{7B961222-8130-44C1-B2A7-0A5273282DCB}.Debug|Any CPU.ActiveCfg = Debug|Any CPU
		{7B961222-8130-44C1-B2A7-0A5273282DCB}.Debug|Any CPU.Build.0 = Debug|Any CPU
		{7B961222-8130-44C1-B2A7-0A5273282DCB}.Release|Any CPU.ActiveCfg = Release|Any CPU
		{7B961222-8130-44C1-B2A7-0A5273282DCB}.Release|Any CPU.Build.0 = Release|Any CPU
		{69AEB289-367B-4627-B759-AD1E5699485D}.Debug|Any CPU.ActiveCfg = Debug|Any CPU
		{69AEB289-367B-4627-B759-AD1E5699485D}.Debug|Any CPU.Build.0 = Debug|Any CPU
		{69AEB289-367B-4627-B759-AD1E5699485D}.Release|Any CPU.ActiveCfg = Release|Any CPU
		{69AEB289-367B-4627-B759-AD1E5699485D}.Release|Any CPU.Build.0 = Release|Any CPU
		{E77C43E2-B506-4148-95F9-E08917DA55A3}.Debug|Any CPU.ActiveCfg = Debug|Any CPU
		{E77C43E2-B506-4148-95F9-E08917DA55A3}.Debug|Any CPU.Build.0 = Debug|Any CPU
		{E77C43E2-B506-4148-95F9-E08917DA55A3}.Release|Any CPU.ActiveCfg = Release|Any CPU
		{E77C43E2-B506-4148-95F9-E08917DA55A3}.Release|Any CPU.Build.0 = Release|Any CPU
		{494EBE55-5ABA-47DB-9A84-F5FCC08963C0}.Debug|Any CPU.ActiveCfg = Debug|Any CPU
		{494EBE55-5ABA-47DB-9A84-F5FCC08963C0}.Debug|Any CPU.Build.0 = Debug|Any CPU
		{494EBE55-5ABA-47DB-9A84-F5FCC08963C0}.Release|Any CPU.ActiveCfg = Release|Any CPU
		{494EBE55-5ABA-47DB-9A84-F5FCC08963C0}.Release|Any CPU.Build.0 = Release|Any CPU
	EndGlobalSection
	GlobalSection(SolutionProperties) = preSolution
		HideSolutionNode = FALSE
	EndGlobalSection
EndGlobal
